<?xml version="1.0" encoding="utf-8"?>
<Project ToolsVersion="4.0" xmlns="http://schemas.microsoft.com/developer/msbuild/2003">
  <ItemGroup>
    <Filter Include="Source Files">
      <UniqueIdentifier>{4FC737F1-C7A5-4376-A066-2A32D752A2FF}</UniqueIdentifier>
      <Extensions>cpp;c;cc;cxx;def;odl;idl;hpj;bat;asm;asmx</Extensions>
    </Filter>
    <Filter Include="Header Files">
      <UniqueIdentifier>{93995380-89BD-4b04-88EB-625FBE52EBFB}</UniqueIdentifier>
      <Extensions>h;hpp;hxx;hm;inl;inc;xsd</Extensions>
    </Filter>
    <Filter Include="Resource Files">
      <UniqueIdentifier>{67DA6AB6-F800-4c08-8B7A-83BB121AAD01}</UniqueIdentifier>
      <Extensions>rc;ico;cur;bmp;dlg;rc2;rct;bin;rgs;gif;jpg;jpeg;jpe;resx;tiff;tif;png;wav;mfcribbon-ms</Extensions>
    </Filter>
    <Filter Include="Header Files\interface">
      <UniqueIdentifier>{bf69a93c-5cc8-4be3-a4c0-bbaef3575d1d}</UniqueIdentifier>
    </Filter>
    <Filter Include="Header Files\implementation">
      <UniqueIdentifier>{8549f15b-c887-4402-b607-33a1d9952aba}</UniqueIdentifier>
    </Filter>
    <Filter Include="Source Files\interface">
      <UniqueIdentifier>{17ed3325-7235-4fee-b7fa-925d338968ab}</UniqueIdentifier>
    </Filter>
    <Filter Include="Source Files\implementation">
      <UniqueIdentifier>{d8d99b2b-4d8e-41f7-b9ab-10cbff502cfd}</UniqueIdentifier>
    </Filter>
  </ItemGroup>
  <ItemGroup>
    <ClCompile Include="main.cpp">
      <Filter>Source Files</Filter>
    </ClCompile>
    <ClCompile Include="GameItem.cpp">
      <Filter>Source Files\interface</Filter>
    </ClCompile>
    <ClCompile Include="GameItemList.cpp">
      <Filter>Source Files\interface</Filter>
    </ClCompile>
    <ClCompile Include="Point.cpp">
      <Filter>Source Files\interface</Filter>
    </ClCompile>
    <ClCompile Include="Apple.cpp">
      <Filter>Source Files\implementation</Filter>
    </ClCompile>
    <ClCompile Include="ScoreList.cpp">
      <Filter>Source Files\implementation</Filter>
    </ClCompile>
    <ClCompile Include="Score.cpp">
      <Filter>Source Files\implementation</Filter>
    </ClCompile>
    <ClCompile Include="GameDirector.cpp">
      <Filter>Source Files\implementation</Filter>
    </ClCompile>
    <ClCompile Include="StatList.cpp">
      <Filter>Source Files\implementation</Filter>
    </ClCompile>
    <ClCompile Include="SnakeList.cpp">
      <Filter>Source Files\implementation</Filter>
    </ClCompile>
  </ItemGroup>
  <ItemGroup>
    <ClInclude Include="basewin.h">
      <Filter>Header Files</Filter>
    </ClInclude>
    <ClInclude Include="Point.h">
      <Filter>Header Files\interface</Filter>
    </ClInclude>
    <ClInclude Include="GameItemList.h">
      <Filter>Header Files\interface</Filter>
    </ClInclude>
    <ClInclude Include="Apple.h">
      <Filter>Header Files\implementation</Filter>
    </ClInclude>
    <ClInclude Include="FruitList.h">
      <Filter>Header Files\implementation</Filter>
    </ClInclude>
    <ClInclude Include="GameItem.h">
      <Filter>Header Files\interface</Filter>
    </ClInclude>
    <ClInclude Include="Fruit.h">
      <Filter>Header Files\implementation</Filter>
    </ClInclude>
    <ClInclude Include="TrapList.h">
      <Filter>Header Files\implementation</Filter>
    </ClInclude>
    <ClInclude Include="Score.h">
      <Filter>Header Files\implementation</Filter>
    </ClInclude>
    <ClInclude Include="ScoreList.h">
      <Filter>Header Files\implementation</Filter>
    </ClInclude>
    <ClInclude Include="GameDirector.h">
      <Filter>Header Files\implementation</Filter>
    </ClInclude>
    <ClInclude Include="GameLevel.h">
      <Filter>Header Files\interface</Filter>
    </ClInclude>
    <ClInclude Include="StatList.h">
      <Filter>Header Files\implementation</Filter>
    </ClInclude>
    <ClInclude Include="SnakeList.h">
      <Filter>Header Files\implementation</Filter>
    </ClInclude>
  </ItemGroup>
</Project>